// !$*UTF8*$!
{
	archiveVersion = 1;
	classes = {
	};
	objectVersion = 56;
	objects = {

/* Begin PBXBuildFile section */
		A1B2C3E01E28134F0008D492 /* StickerPackExtension.appex in Embed App Extensions */ = {isa = PBXBuildFile; fileRef = A1B2C3DD1E28134F0008D492 /* StickerPackExtension.appex */; settings = {ATTRIBUTES = (RemoveHeadersOnCopy, ); }; };
		A1B2C3E21E28134F0008D492 /* Stickers.xcstickers in Resources */ = {isa = PBXBuildFile; fileRef = A1B2C3E11E28134F0008D492 /* Stickers.xcstickers */; };
		A1B2C3E31E28134F0008D492 /* Stickers.xcstickers in Resources */ = {isa = PBXBuildFile; fileRef = A1B2C3E11E28134F0008D492 /* Stickers.xcstickers */; };
		A1B2C4111E28134F0008D492 /* MessagesViewController.swift in Sources */ = {isa = PBXBuildFile; fileRef = A1B2C4011E28134F0008D492 /* MessagesViewController.swift */; };
		A1B2C4121E28134F0008D492 /* Sticker1.png in Resources */ = {isa = PBXBuildFile; fileRef = A1B2C4021E28134F0008D492 /* Sticker1.png */; };
		A1B2C4131E28134F0008D492 /* Sticker2.png in Resources */ = {isa = PBXBuildFile; fileRef = A1B2C4031E28134F0008D492 /* Sticker2.png */; };
		A1B2C4141E28134F0008D492 /* Sticker3.png in Resources */ = {isa = PBXBuildFile; fileRef = A1B2C4041E28134F0008D492 /* Sticker3.png */; };
/* End PBXBuildFile section */

/* Begin PBXContainerItemProxy section */
		A1B2C3DF1E28134F0008D492 /* PBXContainerItemProxy */ = {
			isa = PBXContainerItemProxy;
			containerPortal = A1B2C3D31E28134F0008D492 /* Project object */;
			proxyType = 1;
			remoteGlobalIDString = A1B2C3DC1E28134F0008D492;
			remoteInfo = StickerPackExtension;
		};
/* End PBXContainerItemProxy section */

/* Begin PBXCopyFilesBuildPhase section */
		A1B2C3E91E28134F0008D492 /* Embed App Extensions */ = {
			isa = PBXCopyFilesBuildPhase;
			buildActionMask = 2147483647;
			dstPath = "";
			dstSubfolderSpec = 13;
			files = (
				A1B2C3E01E28134F0008D492 /* StickerPackExtension.appex in Embed App Extensions */,
			);
			name = "Embed App Extensions";
			runOnlyForDeploymentPostprocessing = 0;
		};
/* End PBXCopyFilesBuildPhase section */

/* Begin PBXFileReference section */
		A1B2C3D91E28134F0008D492 /* MariSummersStickers.app */ = {isa = PBXFileReference; explicitFileType = wrapper.application; includeInIndex = 0; path = MariSummersStickers.app; sourceTree = BUILT_PRODUCTS_DIR; };
		A1B2C3DD1E28134F0008D492 /* StickerPackExtension.appex */ = {isa = PBXFileReference; explicitFileType = "wrapper.app-extension"; includeInIndex = 0; path = StickerPackExtension.appex; sourceTree = BUILT_PRODUCTS_DIR; };
		A1B2C3E11E28134F0008D492 /* Stickers.xcstickers */ = {isa = PBXFileReference; lastKnownFileType = folder.stickers; name = Stickers.xcstickers; path = StickerPackExtension/Stickers.xcstickers; sourceTree = "<group>"; };
		A1B2C3F11E28134F0008D492 /* Info.plist */ = {isa = PBXFileReference; lastKnownFileType = text.plist.xml; path = Info.plist; sourceTree = "<group>"; };
		A1B2C3F21E28134F0008D492 /* Info.plist */ = {isa = PBXFileReference; lastKnownFileType = text.plist.xml; path = Info.plist; sourceTree = "<group>"; };
		A1B2C4011E28134F0008D492 /* MessagesViewController.swift */ = {isa = PBXFileReference; lastKnownFileType = sourcecode.swift; path = MessagesViewController.swift; sourceTree = "<group>"; };
		A1B2C4021E28134F0008D492 /* Sticker1.png */ = {isa = PBXFileReference; lastKnownFileType = image.png; path = Sticker1.png; sourceTree = "<group>"; };
		A1B2C4031E28134F0008D492 /* Sticker2.png */ = {isa = PBXFileReference; lastKnownFileType = image.png; path = Sticker2.png; sourceTree = "<group>"; };
		A1B2C4041E28134F0008D492 /* Sticker3.png */ = {isa = PBXFileReference; lastKnownFileType = image.png; path = Sticker3.png; sourceTree = "<group>"; };
/* End PBXFileReference section */

/* Begin PBXGroup section */
		A1B2C3D21E28134F0008D492 = {
			isa = PBXGroup;
			children = (
				A1B2C3E11E28134F0008D492 /* Stickers.xcstickers */,
				A1B2C3F01E28134F0008D492 /* MariSummersStickers */,
				A1B2C3F31E28134F0008D492 /* StickerPackExtension */,
				A1B2C3DA1E28134F0008D492 /* Products */,
			);
			sourceTree = "<group>";
		};
		A1B2C3DA1E28134F0008D492 /* Products */ = {
			isa = PBXGroup;
			children = (
				A1B2C3D91E28134F0008D492 /* MariSummersStickers.app */,
				A1B2C3DD1E28134F0008D492 /* StickerPackExtension.appex */,
			);
			name = Products;
			sourceTree = "<group>";
		};
		A1B2C3F01E28134F0008D492 /* MariSummersStickers */ = {
			isa = PBXGroup;
			children = (
				A1B2C3F11E28134F0008D492 /* Info.plist */,
			);
			path = MariSummersStickers;
			sourceTree = "<group>";
		};
		A1B2C3F31E28134F0008D492 /* StickerPackExtension */ = {
			isa = PBXGroup;
			children = (
				A1B2C4011E28134F0008D492 /* MessagesViewController.swift */,
				A1B2C3F21E28134F0008D492 /* Info.plist */,
				A1B2C4051E28134F0008D492 /* Stickers */,
			);
			path = StickerPackExtension;
			sourceTree = "<group>";
		};
		A1B2C4051E28134F0008D492 /* Stickers */ = {
			isa = PBXGroup;
			children = (
				A1B2C4021E28134F0008D492 /* Sticker1.png */,
				A1B2C4031E28134F0008D492 /* Sticker2.png */,
				A1B2C4041E28134F0008D492 /* Sticker3.png */,
			);
			path = Stickers;
			sourceTree = "<group>";
		};
/* End PBXGroup section */

/* Begin PBXNativeTarget section */
		A1B2C3D81E28134F0008D492 /* MariSummersStickers */ = {
			isa = PBXNativeTarget;
			buildConfigurationList = A1B2C3EA1E28134F0008D492 /* Build configuration list for PBXNativeTarget "MariSummersStickers" */;
			buildPhases = (
				A1B2C3D71E28134F0008D492 /* Resources */,
				A1B2C3E91E28134F0008D492 /* Embed App Extensions */,
			);
			buildRules = (
			);
			dependencies = (
				A1B2C3E01E28134F0008D493 /* PBXTargetDependency */,
			);
			name = MariSummersStickers;
			productName = MariSummersStickers;
			productReference = A1B2C3D91E28134F0008D492 /* MariSummersStickers.app */;
			productType = "com.apple.product-type.application.messages";
		};
		A1B2C3DC1E28134F0008D492 /* StickerPackExtension */ = {
			isa = PBXNativeTarget;
			buildConfigurationList = A1B2C3E61E28134F0008D492 /* Build configuration list for PBXNativeTarget "StickerPackExtension" */;
			buildPhases = (
				A1B2C4101E28134F0008D492 /* Sources */,
				A1B2C3DB1E28134F0008D492 /* Resources */,
			);
			buildRules = (
			);
			dependencies = (
			);
			name = StickerPackExtension;
			productName = StickerPackExtension;
			productReference = A1B2C3DD1E28134F0008D492 /* StickerPackExtension.appex */;
			productType = "com.apple.product-type.app-extension.messages";
		};
/* End PBXNativeTarget section */

/* Begin PBXProject section */
		A1B2C3D31E28134F0008D492 /* Project object */ = {
			isa = PBXProject;
			attributes = {
				BuildIndependentTargetsInParallel = 1;
				LastUpgradeCheck = 2600;
				ORGANIZATIONNAME = sunnymari;
				TargetAttributes = {
					A1B2C3D81E28134F0008D492 = {
						CreatedOnToolsVersion = 16.0;
					};
					A1B2C3DC1E28134F0008D492 = {
						CreatedOnToolsVersion = 16.0;
						LastSwiftMigration = 1600;
					};
				};
			};
			buildConfigurationList = A1B2C3D61E28134F0008D492 /* Build configuration list for PBXProject "MariSummersStickers" */;
			compatibilityVersion = "Xcode 14.0";
			developmentRegion = en;
			hasScannedForEncodings = 0;
			knownRegions = (
				en,
				Base,
			);
			mainGroup = A1B2C3D21E28134F0008D492;
			productRefGroup = A1B2C3DA1E28134F0008D492 /* Products */;
			projectDirPath = "";
			projectRoot = "";
			targets = (
				A1B2C3D81E28134F0008D492 /* MariSummersStickers */,
				A1B2C3DC1E28134F0008D492 /* StickerPackExtension */,
			);
		};
/* End PBXProject section */

/* Begin PBXResourcesBuildPhase section */
		A1B2C3D71E28134F0008D492 /* Resources */ = {
			isa = PBXResourcesBuildPhase;
			buildActionMask = 2147483647;
			files = (
				A1B2C3E31E28134F0008D492 /* Stickers.xcstickers in Resources */,
			);
			runOnlyForDeploymentPostprocessing = 0;
		};
		A1B2C3DB1E28134F0008D492 /* Resources */ = {
			isa = PBXResourcesBuildPhase;
			buildActionMask = 2147483647;
			files = (
				A1B2C3E21E28134F0008D492 /* Stickers.xcstickers in Resources */,
				A1B2C4121E28134F0008D492 /* Sticker1.png in Resources */,
				A1B2C4131E28134F0008D492 /* Sticker2.png in Resources */,
				A1B2C4141E28134F0008D492 /* Sticker3.png in Resources */,
			);
			runOnlyForDeploymentPostprocessing = 0;
		};
/* End PBXResourcesBuildPhase section */

/* Begin PBXSourcesBuildPhase section */
		A1B2C4101E28134F0008D492 /* Sources */ = {
			isa = PBXSourcesBuildPhase;
			buildActionMask = 2147483647;
			files = (
				A1B2C4111E28134F0008D492 /* MessagesViewController.swift in Sources */,
			);
			runOnlyForDeploymentPostprocessing = 0;
		};
/* End PBXSourcesBuildPhase section */

/* Begin PBXTargetDependency section */
		A1B2C3E01E28134F0008D493 /* PBXTargetDependency */ = {
			isa = PBXTargetDependency;
			target = A1B2C3DC1E28134F0008D492 /* StickerPackExtension */;
			targetProxy = A1B2C3DF1E28134F0008D492 /* PBXContainerItemProxy */;
		};
/* End PBXTargetDependency section */

/* Begin XCBuildConfiguration section */
		A1B2C3E41E28134F0008D492 /* Debug */ = {
			isa = XCBuildConfiguration;
			buildSettings = {
				ALWAYS_SEARCH_USER_PATHS = NO;
				CLANG_ENABLE_MODULES = YES;
				CLANG_ENABLE_OBJC_ARC = YES;
				CLANG_WARN_BLOCK_CAPTURE_AUTORELEASING = YES;
				CLANG_WARN_BOOL_CONVERSION = YES;
				CLANG_WARN_COMMA = YES;
				CLANG_WARN_CONSTANT_CONVERSION = YES;
				CLANG_WARN_DEPRECATED_OBJC_IMPLEMENTATIONS = YES;
				CLANG_WARN_EMPTY_BODY = YES;
				CLANG_WARN_ENUM_CONVERSION = YES;
				CLANG_WARN_INFINITE_RECURSION = YES;
				CLANG_WARN_INT_CONVERSION = YES;
				CLANG_WARN_NON_LITERAL_NULL_CONVERSION = YES;
				CLANG_WARN_OBJC_IMPLICIT_RETAIN_SELF = YES;
				CLANG_WARN_OBJC_LITERAL_CONVERSION = YES;
				CLANG_WARN_QUOTED_INCLUDE_IN_FRAMEWORK_HEADER = YES;
				CLANG_WARN_RANGE_LOOP_ANALYSIS = YES;
				CLANG_WARN_STRICT_PROTOTYPES = YES;
				CLANG_WARN_SUSPICIOUS_MOVE = YES;
				CLANG_WARN_UNREACHABLE_CODE = YES;
				CLANG_WARN__DUPLICATE_METHOD_MATCH = YES;
				COPY_PHASE_STRIP = NO;
				DEBUG_INFORMATION_FORMAT = dwarf;
				ENABLE_STRICT_OBJC_MSGSEND = YES;
				ENABLE_TESTABILITY = YES;
				GCC_DYNAMIC_NO_PIC = NO;
				GCC_NO_COMMON_BLOCKS = YES;
				GCC_OPTIMIZATION_LEVEL = 0;
				GCC_PREPROCESSOR_DEFINITIONS = (
					"DEBUG=1",
					"$(inherited)",
				);
				GCC_WARN_64_TO_32_BIT_CONVERSION = YES;
				GCC_WARN_ABOUT_RETURN_TYPE = YES_ERROR;
				GCC_WARN_UNDECLARED_SELECTOR = YES;
				GCC_WARN_UNINITIALIZED_AUTOS = YES_AGGRESSIVE;
				GCC_WARN_UNUSED_FUNCTION = YES;
				GCC_WARN_UNUSED_VARIABLE = YES;
				IPHONEOS_DEPLOYMENT_TARGET = 16.0;
				MTL_ENABLE_DEBUG_INFO = INCLUDE_SOURCE;
				ONLY_ACTIVE_ARCH = YES;
				SDKROOT = iphoneos;
			};
			name = Debug;
		};
		A1B2C3E51E28134F0008D492 /* Release */ = {
			isa = XCBuildConfiguration;
			buildSettings = {
				ALWAYS_SEARCH_USER_PATHS = NO;
				CLANG_ENABLE_MODULES = YES;
				CLANG_ENABLE_OBJC_ARC = YES;
				CLANG_WARN_BLOCK_CAPTURE_AUTORELEASING = YES;
				CLANG_WARN_BOOL_CONVERSION = YES;
				CLANG_WARN_COMMA = YES;
				CLANG_WARN_CONSTANT_CONVERSION = YES;
				CLANG_WARN_DEPRECATED_OBJC_IMPLEMENTATIONS = YES;
				CLANG_WARN_EMPTY_BODY = YES;
				CLANG_WARN_ENUM_CONVERSION = YES;
				CLANG_WARN_INFINITE_RECURSION = YES;
				CLANG_WARN_INT_CONVERSION = YES;
				CLANG_WARN_NON_LITERAL_NULL_CONVERSION = YES;
				CLANG_WARN_OBJC_IMPLICIT_RETAIN_SELF = YES;
				CLANG_WARN_OBJC_LITERAL_CONVERSION = YES;
				CLANG_WARN_QUOTED_INCLUDE_IN_FRAMEWORK_HEADER = YES;
				CLANG_WARN_RANGE_LOOP_ANALYSIS = YES;
				CLANG_WARN_STRICT_PROTOTYPES = YES;
				CLANG_WARN_SUSPICIOUS_MOVE = YES;
				CLANG_WARN_UNREACHABLE_CODE = YES;
				CLANG_WARN__DUPLICATE_METHOD_MATCH = YES;
				COPY_PHASE_STRIP = NO;
				DEBUG_INFORMATION_FORMAT = "dwarf-with-dsym";
				ENABLE_NS_ASSERTIONS = NO;
				ENABLE_STRICT_OBJC_MSGSEND = YES;
				GCC_NO_COMMON_BLOCKS = YES;
				GCC_WARN_64_TO_32_BIT_CONVERSION = YES;
				GCC_WARN_ABOUT_RETURN_TYPE = YES_ERROR;
				GCC_WARN_UNDECLARED_SELECTOR = YES;
				GCC_WARN_UNINITIALIZED_AUTOS = YES_AGGRESSIVE;
				GCC_WARN_UNUSED_FUNCTION = YES;
				GCC_WARN_UNUSED_VARIABLE = YES;
				IPHONEOS_DEPLOYMENT_TARGET = 16.0;
				MTL_ENABLE_DEBUG_INFO = NO;
				SDKROOT = iphoneos;
				VALIDATE_PRODUCT = YES;
			};
			name = Release;
		};
		A1B2C3E71E28134F0008D492 /* Debug */ = {
			isa = XCBuildConfiguration;
			buildSettings = {
				ASSETCATALOG_COMPILER_APPICON_NAME = "iMessage App Icon";
				CLANG_ENABLE_MODULES = YES;
				CODE_SIGN_STYLE = Automatic;
				CURRENT_PROJECT_VERSION = 1;
				GENERATE_INFOPLIST_FILE = NO;
				INFOPLIST_FILE = StickerPackExtension/Info.plist;
				INFOPLIST_KEY_CFBundleDisplayName = "Mari Summers";
				INFOPLIST_KEY_NSStickerSharingLevel = OS;
				IPHONEOS_DEPLOYMENT_TARGET = 16.0;
				LD_RUNPATH_SEARCH_PATHS = (
					"$(inherited)",
					"@executable_path/Frameworks",
					"@executable_path/../../Frameworks",
				);
				MARKETING_VERSION = 1.0;
				PRODUCT_BUNDLE_IDENTIFIER = com.sunnymari.MariSummersStickers.StickerPackExtension;
				PRODUCT_NAME = "$(TARGET_NAME)";
				SKIP_INSTALL = YES;
				SWIFT_OPTIMIZATION_LEVEL = "-Onone";
				SWIFT_VERSION = 5.0;
				TARGETED_DEVICE_FAMILY = "1,2";
			};
			name = Debug;
		};
		A1B2C3E81E28134F0008D492 /* Release */ = {
			isa = XCBuildConfiguration;
			buildSettings = {
				ASSETCATALOG_COMPILER_APPICON_NAME = "iMessage App Icon";
				CLANG_ENABLE_MODULES = YES;
				CODE_SIGN_STYLE = Automatic;
				CURRENT_PROJECT_VERSION = 1;
				GENERATE_INFOPLIST_FILE = NO;
				INFOPLIST_FILE = StickerPackExtension/Info.plist;
				INFOPLIST_KEY_CFBundleDisplayName = "Mari Summers";
				INFOPLIST_KEY_NSStickerSharingLevel = OS;
				IPHONEOS_DEPLOYMENT_TARGET = 16.0;
				LD_RUNPATH_SEARCH_PATHS = (
					"$(inherited)",
					"@executable_path/Frameworks",
					"@executable_path/../../Frameworks",
				);
				MARKETING_VERSION = 1.0;
				PRODUCT_BUNDLE_IDENTIFIER = com.sunnymari.MariSummersStickers.StickerPackExtension;
				PRODUCT_NAME = "$(TARGET_NAME)";
				SKIP_INSTALL = YES;
				SWIFT_VERSION = 5.0;
				TARGETED_DEVICE_FAMILY = "1,2";
			};
			name = Release;
		};
		A1B2C3EB1E28134F0008D492 /* Debug */ = {
			isa = XCBuildConfiguration;
			buildSettings = {
				ASSETCATALOG_COMPILER_APPICON_NAME = "iMessage App Icon";
				CODE_SIGN_STYLE = Automatic;
				CURRENT_PROJECT_VERSION = 1;
				GENERATE_INFOPLIST_FILE = NO;
				INFOPLIST_FILE = MariSummersStickers/Info.plist;
				INFOPLIST_KEY_CFBundleDisplayName = "Mari Summers";
				INFOPLIST_KEY_NSStickerSharingLevel = OS;
				IPHONEOS_DEPLOYMENT_TARGET = 16.0;
				MARKETING_VERSION = 1.0;
				PRODUCT_BUNDLE_IDENTIFIER = com.sunnymari.MariSummersStickers;
				PRODUCT_NAME = "$(TARGET_NAME)";
				TARGETED_DEVICE_FAMILY = "1,2";
			};
			name = Debug;
		};
		A1B2C3EC1E28134F0008D492 /* Release */ = {
			isa = XCBuildConfiguration;
			buildSettings = {
				ASSETCATALOG_COMPILER_APPICON_NAME = "iMessage App Icon";
				CODE_SIGN_STYLE = Automatic;
				CURRENT_PROJECT_VERSION = 1;
				GENERATE_INFOPLIST_FILE = NO;
				INFOPLIST_FILE = MariSummersStickers/Info.plist;
				INFOPLIST_KEY_CFBundleDisplayName = "Mari Summers";
				INFOPLIST_KEY_NSStickerSharingLevel = OS;
				IPHONEOS_DEPLOYMENT_TARGET = 16.0;
				MARKETING_VERSION = 1.0;
				PRODUCT_BUNDLE_IDENTIFIER = com.sunnymari.MariSummersStickers;
				PRODUCT_NAME = "$(TARGET_NAME)";
				TARGETED_DEVICE_FAMILY = "1,2";
			};
			name = Release;
		};
/* End XCBuildConfiguration section */

/* Begin XCConfigurationList section */
		A1B2C3D61E28134F0008D492 /* Build configuration list for PBXProject "MariSummersStickers" */ = {
			isa = XCConfigurationList;
			buildConfigurations = (
				A1B2C3E41E28134F0008D492 /* Debug */,
				A1B2C3E51E28134F0008D492 /* Release */,
			);
			defaultConfigurationIsVisible = 0;
			defaultConfigurationName = Release;
		};
		A1B2C3E61E28134F0008D492 /* Build configuration list for PBXNativeTarget "StickerPackExtension" */ = {
			isa = XCConfigurationList;
			buildConfigurations = (
				A1B2C3E71E28134F0008D492 /* Debug */,
				A1B2C3E81E28134F0008D492 /* Release */,
			);
			defaultConfigurationIsVisible = 0;
			defaultConfigurationName = Release;
		};
		A1B2C3EA1E28134F0008D492 /* Build configuration list for PBXNativeTarget "MariSummersStickers" */ = {
			isa = XCConfigurationList;
			buildConfigurations = (
				A1B2C3EB1E28134F0008D492 /* Debug */,
				A1B2C3EC1E28134F0008D492 /* Release */,
			);
			defaultConfigurationIsVisible = 0;
			defaultConfigurationName = Release;
		};
/* End XCConfigurationList section */
	};
	rootObject = A1B2C3D31E28134F0008D492 /* Project object */;
}
